
Microsoft Visual Studio Solution File, Format Version 12.00
# Visual Studio Version 16
VisualStudioVersion = 16.0.28729.10
MinimumVisualStudioVersion = 10.0.40219.1
Project("{9A19103F-16F7-4668-BE54-9A1E7A4F7556}") = "TestConsole", "examples\Console\TestConsole.csproj", "{331B988F-69C5-476C-A388-F166C3897F5E}"
EndProject
Project("{FAE04EC0-301F-11D3-BF4B-00C04F79EFBC}") = "TestWinForm", "examples\WinForm\TestWinForm.csproj", "{430805A5-7BE6-435F-A836-0F3C30C147B6}"
EndProject
Project("{2150E333-8FDC-42A3-9474-1A3956D46DE8}") = "source", "source", "{817E940C-7E48-45DC-90D1-C0E99F4388AC}"
EndProject
Project("{2150E333-8FDC-42A3-9474-1A3956D46DE8}") = "examples", "examples", "{87117806-B5AE-473C-B920-8862514B8274}"
EndProject
Project("{2150E333-8FDC-42A3-9474-1A3956D46DE8}") = "tests", "tests", "{7FC1AFD0-500F-48D2-A232-BBCD23EEE4BD}"
EndProject
Project("{9A19103F-16F7-4668-BE54-9A1E7A4F7556}") = "UnitTests", "tests\UnitTests\UnitTests.csproj", "{DCDBB6A3-DB6C-4212-BDE6-2959C27979E3}"
EndProject
Project("{9A19103F-16F7-4668-BE54-9A1E7A4F7556}") = "UnitTestsData", "tests\UnitTestsData\UnitTestsData.csproj", "{87B869D0-E7BF-4946-8A82-EF2D10CA455F}"
EndProject
Project("{9A19103F-16F7-4668-BE54-9A1E7A4F7556}") = "CommandLineEngine", "source\CommandLineEngine.csproj", "{768270FA-D4F8-432B-9C03-7482B8FE46B2}"
EndProject
Global
	GlobalSection(SolutionConfigurationPlatforms) = preSolution
		Debug|Any CPU = Debug|Any CPU
		Release|Any CPU = Release|Any CPU
	EndGlobalSection
	GlobalSection(ProjectConfigurationPlatforms) = postSolution
		{331B988F-69C5-476C-A388-F166C3897F5E}.Debug|Any CPU.ActiveCfg = Debug|Any CPU
		{331B988F-69C5-476C-A388-F166C3897F5E}.Debug|Any CPU.Build.0 = Debug|Any CPU
		{331B988F-69C5-476C-A388-F166C3897F5E}.Release|Any CPU.ActiveCfg = Release|Any CPU
		{331B988F-69C5-476C-A388-F166C3897F5E}.Release|Any CPU.Build.0 = Release|Any CPU
		{430805A5-7BE6-435F-A836-0F3C30C147B6}.Debug|Any CPU.ActiveCfg = Debug|Any CPU
		{430805A5-7BE6-435F-A836-0F3C30C147B6}.Debug|Any CPU.Build.0 = Debug|Any CPU
		{430805A5-7BE6-435F-A836-0F3C30C147B6}.Release|Any CPU.ActiveCfg = Release|Any CPU
		{430805A5-7BE6-435F-A836-0F3C30C147B6}.Release|Any CPU.Build.0 = Release|Any CPU
		{DCDBB6A3-DB6C-4212-BDE6-2959C27979E3}.Debug|Any CPU.ActiveCfg = Debug|Any CPU
		{DCDBB6A3-DB6C-4212-BDE6-2959C27979E3}.Debug|Any CPU.Build.0 = Debug|Any CPU
		{DCDBB6A3-DB6C-4212-BDE6-2959C27979E3}.Release|Any CPU.ActiveCfg = Release|Any CPU
		{DCDBB6A3-DB6C-4212-BDE6-2959C27979E3}.Release|Any CPU.Build.0 = Release|Any CPU
		{87B869D0-E7BF-4946-8A82-EF2D10CA455F}.Debug|Any CPU.ActiveCfg = Debug|Any CPU
		{87B869D0-E7BF-4946-8A82-EF2D10CA455F}.Debug|Any CPU.Build.0 = Debug|Any CPU
		{87B869D0-E7BF-4946-8A82-EF2D10CA455F}.Release|Any CPU.ActiveCfg = Release|Any CPU
		{87B869D0-E7BF-4946-8A82-EF2D10CA455F}.Release|Any CPU.Build.0 = Release|Any CPU
		{768270FA-D4F8-432B-9C03-7482B8FE46B2}.Debug|Any CPU.ActiveCfg = Debug|Any CPU
		{768270FA-D4F8-432B-9C03-7482B8FE46B2}.Debug|Any CPU.Build.0 = Debug|Any CPU
		{768270FA-D4F8-432B-9C03-7482B8FE46B2}.Release|Any CPU.ActiveCfg = Release|Any CPU
		{768270FA-D4F8-432B-9C03-7482B8FE46B2}.Release|Any CPU.Build.0 = Release|Any CPU
	EndGlobalSection
	GlobalSection(SolutionProperties) = preSolution
		HideSolutionNode = FALSE
	EndGlobalSection
	GlobalSection(NestedProjects) = preSolution
		{331B988F-69C5-476C-A388-F166C3897F5E} = {87117806-B5AE-473C-B920-8862514B8274}
		{430805A5-7BE6-435F-A836-0F3C30C147B6} = {87117806-B5AE-473C-B920-8862514B8274}
		{DCDBB6A3-DB6C-4212-BDE6-2959C27979E3} = {7FC1AFD0-500F-48D2-A232-BBCD23EEE4BD}
		{87B869D0-E7BF-4946-8A82-EF2D10CA455F} = {7FC1AFD0-500F-48D2-A232-BBCD23EEE4BD}
		{768270FA-D4F8-432B-9C03-7482B8FE46B2} = {817E940C-7E48-45DC-90D1-C0E99F4388AC}
	EndGlobalSection
	GlobalSection(ExtensibilityGlobals) = postSolution
		SolutionGuid = {F7071CD0-29CC-4E14-813E-6081FEA5C3CD}
	EndGlobalSection
EndGlobal
